
Microsoft Visual Studio Solution File, Format Version 12.00
# Visual Studio 15
VisualStudioVersion = 15.0.26124.0
MinimumVisualStudioVersion = 15.0.26124.0
Project("{FAE04EC0-301F-11D3-BF4B-00C04F79EFBC}") = "GameTop.App", "GameTop.App\GameTop.App.csproj", "{DBC224EE-4A34-4B2B-AD3D-52C938DA6D0A}"
EndProject
Project("{FAE04EC0-301F-11D3-BF4B-00C04F79EFBC}") = "GameTop.Lib", "GameTop.Lib\GameTop.Lib.csproj", "{C1ED52B1-FBD1-4B00-9FAC-F4324F7C91EC}"
EndProject
Project("{FAE04EC0-301F-11D3-BF4B-00C04F79EFBC}") = "GameTop.Interface", "GameTop.Interface\GameTop.Inteface.csproj", "{A2C70D4A-CDA8-4EC8-A360-C5D062468F71}"
EndProject
Global
	GlobalSection(SolutionConfigurationPlatforms) = preSolution
		Debug|Any CPU = Debug|Any CPU
		Debug|x64 = Debug|x64
		Debug|x86 = Debug|x86
		Release|Any CPU = Release|Any CPU
		Release|x64 = Release|x64
		Release|x86 = Release|x86
	EndGlobalSection
	GlobalSection(SolutionProperties) = preSolution
		HideSolutionNode = FALSE
	EndGlobalSection
	GlobalSection(ProjectConfigurationPlatforms) = postSolution
		{DBC224EE-4A34-4B2B-AD3D-52C938DA6D0A}.Debug|Any CPU.ActiveCfg = Debug|Any CPU
		{DBC224EE-4A34-4B2B-AD3D-52C938DA6D0A}.Debug|Any CPU.Build.0 = Debug|Any CPU
		{DBC224EE-4A34-4B2B-AD3D-52C938DA6D0A}.Debug|x64.ActiveCfg = Debug|Any CPU
		{DBC224EE-4A34-4B2B-AD3D-52C938DA6D0A}.Debug|x64.Build.0 = Debug|Any CPU
		{DBC224EE-4A34-4B2B-AD3D-52C938DA6D0A}.Debug|x86.ActiveCfg = Debug|Any CPU
		{DBC224EE-4A34-4B2B-AD3D-52C938DA6D0A}.Debug|x86.Build.0 = Debug|Any CPU
		{DBC224EE-4A34-4B2B-AD3D-52C938DA6D0A}.Release|Any CPU.ActiveCfg = Release|Any CPU
		{DBC224EE-4A34-4B2B-AD3D-52C938DA6D0A}.Release|Any CPU.Build.0 = Release|Any CPU
		{DBC224EE-4A34-4B2B-AD3D-52C938DA6D0A}.Release|x64.ActiveCfg = Release|Any CPU
		{DBC224EE-4A34-4B2B-AD3D-52C938DA6D0A}.Release|x64.Build.0 = Release|Any CPU
		{DBC224EE-4A34-4B2B-AD3D-52C938DA6D0A}.Release|x86.ActiveCfg = Release|Any CPU
		{DBC224EE-4A34-4B2B-AD3D-52C938DA6D0A}.Release|x86.Build.0 = Release|Any CPU
		{C1ED52B1-FBD1-4B00-9FAC-F4324F7C91EC}.Debug|Any CPU.ActiveCfg = Debug|Any CPU
		{C1ED52B1-FBD1-4B00-9FAC-F4324F7C91EC}.Debug|Any CPU.Build.0 = Debug|Any CPU
		{C1ED52B1-FBD1-4B00-9FAC-F4324F7C91EC}.Debug|x64.ActiveCfg = Debug|Any CPU
		{C1ED52B1-FBD1-4B00-9FAC-F4324F7C91EC}.Debug|x64.Build.0 = Debug|Any CPU
		{C1ED52B1-FBD1-4B00-9FAC-F4324F7C91EC}.Debug|x86.ActiveCfg = Debug|Any CPU
		{C1ED52B1-FBD1-4B00-9FAC-F4324F7C91EC}.Debug|x86.Build.0 = Debug|Any CPU
		{C1ED52B1-FBD1-4B00-9FAC-F4324F7C91EC}.Release|Any CPU.ActiveCfg = Release|Any CPU
		{C1ED52B1-FBD1-4B00-9FAC-F4324F7C91EC}.Release|Any CPU.Build.0 = Release|Any CPU
		{C1ED52B1-FBD1-4B00-9FAC-F4324F7C91EC}.Release|x64.ActiveCfg = Release|Any CPU
		{C1ED52B1-FBD1-4B00-9FAC-F4324F7C91EC}.Release|x64.Build.0 = Release|Any CPU
		{C1ED52B1-FBD1-4B00-9FAC-F4324F7C91EC}.Release|x86.ActiveCfg = Release|Any CPU
		{C1ED52B1-FBD1-4B00-9FAC-F4324F7C91EC}.Release|x86.Build.0 = Release|Any CPU
		{A2C70D4A-CDA8-4EC8-A360-C5D062468F71}.Debug|Any CPU.ActiveCfg = Debug|Any CPU
		{A2C70D4A-CDA8-4EC8-A360-C5D062468F71}.Debug|Any CPU.Build.0 = Debug|Any CPU
		{A2C70D4A-CDA8-4EC8-A360-C5D062468F71}.Debug|x64.ActiveCfg = Debug|Any CPU
		{A2C70D4A-CDA8-4EC8-A360-C5D062468F71}.Debug|x64.Build.0 = Debug|Any CPU
		{A2C70D4A-CDA8-4EC8-A360-C5D062468F71}.Debug|x86.ActiveCfg = Debug|Any CPU
		{A2C70D4A-CDA8-4EC8-A360-C5D062468F71}.Debug|x86.Build.0 = Debug|Any CPU
		{A2C70D4A-CDA8-4EC8-A360-C5D062468F71}.Release|Any CPU.ActiveCfg = Release|Any CPU
		{A2C70D4A-CDA8-4EC8-A360-C5D062468F71}.Release|Any CPU.Build.0 = Release|Any CPU
		{A2C70D4A-CDA8-4EC8-A360-C5D062468F71}.Release|x64.ActiveCfg = Release|Any CPU
		{A2C70D4A-CDA8-4EC8-A360-C5D062468F71}.Release|x64.Build.0 = Release|Any CPU
		{A2C70D4A-CDA8-4EC8-A360-C5D062468F71}.Release|x86.ActiveCfg = Release|Any CPU
		{A2C70D4A-CDA8-4EC8-A360-C5D062468F71}.Release|x86.Build.0 = Release|Any CPU
	EndGlobalSection
EndGlobal
